
Microsoft Visual Studio Solution File, Format Version 12.00
# Visual Studio Version 17
VisualStudioVersion = 17.3.32804.467
MinimumVisualStudioVersion = 10.0.40219.1
Project("{FAE04EC0-301F-11D3-BF4B-00C04F79EFBC}") = "punto 8", "punto 8\punto 8.csproj", "{A04157C2-15B5-4119-89C0-2CB9E2F991AA}"
EndProject
Global
	GlobalSection(SolutionConfigurationPlatforms) = preSolution
		Debug|Any CPU = Debug|Any CPU
		Release|Any CPU = Release|Any CPU
	EndGlobalSection
	GlobalSection(ProjectConfigurationPlatforms) = postSolution
		{A04157C2-15B5-4119-89C0-2CB9E2F991AA}.Debug|Any CPU.ActiveCfg = Debug|Any CPU
		{A04157C2-15B5-4119-89C0-2CB9E2F991AA}.Debug|Any CPU.Build.0 = Debug|Any CPU
		{A04157C2-15B5-4119-89C0-2CB9E2F991AA}.Release|Any CPU.ActiveCfg = Release|Any CPU
		{A04157C2-15B5-4119-89C0-2CB9E2F991AA}.Release|Any CPU.Build.0 = Release|Any CPU
	EndGlobalSection
	GlobalSection(SolutionProperties) = preSolution
		HideSolutionNode = FALSE
	EndGlobalSection
	GlobalSection(ExtensibilityGlobals) = postSolution
		SolutionGuid = {1ADC1F32-F9D2-48CB-B245-EA9802DB9983}
	EndGlobalSection
EndGlobal
